// !$*UTF8*$!
{
	archiveVersion = 1;
	classes = {
	};
	objectVersion = 56;
	objects = {

/* Begin PBXBuildFile section */
		25D750250988464FB74767EA /* GameCenterManager.swift in Sources */ = {isa = PBXBuildFile; fileRef = 19C9DCB14CDB4150A454AA78 /* GameCenterManager.swift */; };
		585BFDE52EB90E2D00E63FE9 /* Froggy_HopperTests.swift in Sources */ = {isa = PBXBuildFile; fileRef = 585BFDE22EB90E2D00E63FE9 /* Froggy_HopperTests.swift */; };
		585BFDE62EB90E2D00E63FE9 /* GameSceneTests.swift in Sources */ = {isa = PBXBuildFile; fileRef = 585BFDE32EB90E2D00E63FE9 /* GameSceneTests.swift */; };
		585BFDE72EB90E2D00E63FE9 /* SoundManagerTests.swift in Sources */ = {isa = PBXBuildFile; fileRef = 585BFDE42EB90E2D00E63FE9 /* SoundManagerTests.swift */; };
		585BFDEB2EB9164600E63FE9 /* WelcomeSceneTests.swift in Sources */ = {isa = PBXBuildFile; fileRef = 585BFDEA2EB9164600E63FE9 /* WelcomeSceneTests.swift */; };
		585BFDED2EB9165300E63FE9 /* GameViewControllerTests.swift in Sources */ = {isa = PBXBuildFile; fileRef = 585BFDEC2EB9165300E63FE9 /* GameViewControllerTests.swift */; };
		588F4FFF2D69A39F006CA0F5 /* eat_sound.mp3 in Resources */ = {isa = PBXBuildFile; fileRef = 588F4FFE2D69A39F006CA0F5 /* eat_sound.mp3 */; };
		588F50012D69B6B5006CA0F5 /* WelcomeScene.swift in Sources */ = {isa = PBXBuildFile; fileRef = 588F50002D69B6B5006CA0F5 /* WelcomeScene.swift */; };
		58EDAFDB2DE00E3400ABCC03 /* AsyncAlgorithms in Frameworks */ = {isa = PBXBuildFile; productRef = 58EDAFDA2DE00E3400ABCC03 /* AsyncAlgorithms */; };
		58EDAFDD2DE00EDE00ABCC03 /* AsyncAlgorithms in Frameworks */ = {isa = PBXBuildFile; productRef = 58EDAFDC2DE00EDE00ABCC03 /* AsyncAlgorithms */; };
		58FB10CF2DE00FA700B400A9 /* AsyncAlgorithms in Frameworks */ = {isa = PBXBuildFile; productRef = 58FB10CE2DE00FA700B400A9 /* AsyncAlgorithms */; };
		636008A929C60C2C00B83E75 /* AppDelegate.swift in Sources */ = {isa = PBXBuildFile; fileRef = 636008A829C60C2C00B83E75 /* AppDelegate.swift */; };
		636008AB29C60C2C00B83E75 /* GameScene.sks in Resources */ = {isa = PBXBuildFile; fileRef = 636008AA29C60C2C00B83E75 /* GameScene.sks */; };
		636008AD29C60C2C00B83E75 /* Actions.sks in Resources */ = {isa = PBXBuildFile; fileRef = 636008AC29C60C2C00B83E75 /* Actions.sks */; };
		636008AF29C60C2C00B83E75 /* GameScene.swift in Sources */ = {isa = PBXBuildFile; fileRef = 636008AE29C60C2C00B83E75 /* GameScene.swift */; };
		636008B129C60C2C00B83E75 /* GameViewController.swift in Sources */ = {isa = PBXBuildFile; fileRef = 636008B029C60C2C00B83E75 /* GameViewController.swift */; };
		636008B429C60C2C00B83E75 /* Main.storyboard in Resources */ = {isa = PBXBuildFile; fileRef = 636008B229C60C2C00B83E75 /* Main.storyboard */; };
		636008B629C60C3000B83E75 /* Assets.xcassets in Resources */ = {isa = PBXBuildFile; fileRef = 636008B529C60C3000B83E75 /* Assets.xcassets */; };
		636008B929C60C3000B83E75 /* LaunchScreen.storyboard in Resources */ = {isa = PBXBuildFile; fileRef = 636008B729C60C3000B83E75 /* LaunchScreen.storyboard */; };
		6365BD922A36A2D00049C64F /* SoundManager.swift in Sources */ = {isa = PBXBuildFile; fileRef = 6365BD912A36A2D00049C64F /* SoundManager.swift */; };
		6365BD952A36AD470049C64F /* BackgroundMusic2.mp3 in Resources */ = {isa = PBXBuildFile; fileRef = 6365BD932A36AD460049C64F /* BackgroundMusic2.mp3 */; };
		6365BD962A36AD470049C64F /* BackgroundMusic1.mp3 in Resources */ = {isa = PBXBuildFile; fileRef = 6365BD942A36AD470049C64F /* BackgroundMusic1.mp3 */; };
		6365BD9C2A36C0010049C64F /* BackgroundMusic5.mp3 in Resources */ = {isa = PBXBuildFile; fileRef = 6365BD972A36BFFC0049C64F /* BackgroundMusic5.mp3 */; };
		6365BD9D2A36C0010049C64F /* BackgroundMusic3.mp3 in Resources */ = {isa = PBXBuildFile; fileRef = 6365BD982A36BFFD0049C64F /* BackgroundMusic3.mp3 */; };
		6365BD9E2A36C0010049C64F /* BackgroundMusic4.mp3 in Resources */ = {isa = PBXBuildFile; fileRef = 6365BD992A36BFFE0049C64F /* BackgroundMusic4.mp3 */; };
		6365BD9F2A36C0010049C64F /* BackgroundMusic7.mp3 in Resources */ = {isa = PBXBuildFile; fileRef = 6365BD9A2A36BFFF0049C64F /* BackgroundMusic7.mp3 */; };
		6365BDA02A36C0010049C64F /* BackgroundMusic6.mp3 in Resources */ = {isa = PBXBuildFile; fileRef = 6365BD9B2A36C0010049C64F /* BackgroundMusic6.mp3 */; };
		6365BDA42A36C0160049C64F /* BackgroundMusic10.mp3 in Resources */ = {isa = PBXBuildFile; fileRef = 6365BDA12A36C0120049C64F /* BackgroundMusic10.mp3 */; };
		6365BDA52A36C0160049C64F /* BackgroundMusic8.mp3 in Resources */ = {isa = PBXBuildFile; fileRef = 6365BDA22A36C0140049C64F /* BackgroundMusic8.mp3 */; };
		6365BDA62A36C0160049C64F /* BackgroundMusic9.mp3 in Resources */ = {isa = PBXBuildFile; fileRef = 6365BDA32A36C0160049C64F /* BackgroundMusic9.mp3 */; };
		63B2AAAD29C7A73400B58549 /* SceneDelegate.swift in Sources */ = {isa = PBXBuildFile; fileRef = 63B2AAAC29C7A73400B58549 /* SceneDelegate.swift */; };
/* End PBXBuildFile section */

/* Begin PBXContainerItemProxy section */
		585BFDD62EB9094400E63FE9 /* PBXContainerItemProxy */ = {
			isa = PBXContainerItemProxy;
			containerPortal = 6360089D29C60C2B00B83E75 /* Project object */;
			proxyType = 1;
			remoteGlobalIDString = 636008A429C60C2C00B83E75;
			remoteInfo = "Froggy Hopper";
		};
/* End PBXContainerItemProxy section */

/* Begin PBXFileReference section */
		19C9DCB14CDB4150A454AA78 /* GameCenterManager.swift */ = {isa = PBXFileReference; lastKnownFileType = sourcecode.swift; path = GameCenterManager.swift; sourceTree = "<group>"; };
		585BFDD22EB9094400E63FE9 /* Froggy HopperTests.xctest */ = {isa = PBXFileReference; explicitFileType = wrapper.cfbundle; includeInIndex = 0; path = "Froggy HopperTests.xctest"; sourceTree = BUILT_PRODUCTS_DIR; };
		585BFDE22EB90E2D00E63FE9 /* Froggy_HopperTests.swift */ = {isa = PBXFileReference; lastKnownFileType = sourcecode.swift; path = Froggy_HopperTests.swift; sourceTree = "<group>"; };
		585BFDE32EB90E2D00E63FE9 /* GameSceneTests.swift */ = {isa = PBXFileReference; lastKnownFileType = sourcecode.swift; path = GameSceneTests.swift; sourceTree = "<group>"; };
		585BFDE42EB90E2D00E63FE9 /* SoundManagerTests.swift */ = {isa = PBXFileReference; lastKnownFileType = sourcecode.swift; path = SoundManagerTests.swift; sourceTree = "<group>"; };
		585BFDE82EB90E3C00E63FE9 /* Froggy HopperTests-Bridging-Header.h */ = {isa = PBXFileReference; lastKnownFileType = sourcecode.c.h; path = "Froggy HopperTests-Bridging-Header.h"; sourceTree = "<group>"; };
		585BFDEA2EB9164600E63FE9 /* WelcomeSceneTests.swift */ = {isa = PBXFileReference; lastKnownFileType = sourcecode.swift; path = WelcomeSceneTests.swift; sourceTree = "<group>"; };
		585BFDEC2EB9165300E63FE9 /* GameViewControllerTests.swift */ = {isa = PBXFileReference; lastKnownFileType = sourcecode.swift; path = GameViewControllerTests.swift; sourceTree = "<group>"; };
		588F4FFE2D69A39F006CA0F5 /* eat_sound.mp3 */ = {isa = PBXFileReference; lastKnownFileType = audio.mp3; path = eat_sound.mp3; sourceTree = "<group>"; };
		588F50002D69B6B5006CA0F5 /* WelcomeScene.swift */ = {isa = PBXFileReference; lastKnownFileType = sourcecode.swift; path = WelcomeScene.swift; sourceTree = "<group>"; };
		58FD28972EE0A95A00637AA9 /* Froggy Hopper.entitlements */ = {isa = PBXFileReference; lastKnownFileType = text.plist.entitlements; path = "Froggy Hopper.entitlements"; sourceTree = "<group>"; };
		636008A529C60C2C00B83E75 /* Froggy Hopper.app */ = {isa = PBXFileReference; explicitFileType = wrapper.application; includeInIndex = 0; path = "Froggy Hopper.app"; sourceTree = BUILT_PRODUCTS_DIR; };
		636008A829C60C2C00B83E75 /* AppDelegate.swift */ = {isa = PBXFileReference; lastKnownFileType = sourcecode.swift; path = AppDelegate.swift; sourceTree = "<group>"; };
		636008AA29C60C2C00B83E75 /* GameScene.sks */ = {isa = PBXFileReference; lastKnownFileType = file.sks; path = GameScene.sks; sourceTree = "<group>"; };
		636008AC29C60C2C00B83E75 /* Actions.sks */ = {isa = PBXFileReference; lastKnownFileType = file.sks; path = Actions.sks; sourceTree = "<group>"; };
		636008AE29C60C2C00B83E75 /* GameScene.swift */ = {isa = PBXFileReference; lastKnownFileType = sourcecode.swift; path = GameScene.swift; sourceTree = "<group>"; };
		636008B029C60C2C00B83E75 /* GameViewController.swift */ = {isa = PBXFileReference; lastKnownFileType = sourcecode.swift; path = GameViewController.swift; sourceTree = "<group>"; };
		636008B329C60C2C00B83E75 /* Base */ = {isa = PBXFileReference; lastKnownFileType = file.storyboard; name = Base; path = Base.lproj/Main.storyboard; sourceTree = "<group>"; };
		636008B529C60C3000B83E75 /* Assets.xcassets */ = {isa = PBXFileReference; lastKnownFileType = folder.assetcatalog; path = Assets.xcassets; sourceTree = "<group>"; };
		636008B829C60C3000B83E75 /* Base */ = {isa = PBXFileReference; lastKnownFileType = file.storyboard; name = Base; path = Base.lproj/LaunchScreen.storyboard; sourceTree = "<group>"; };
		6365BD912A36A2D00049C64F /* SoundManager.swift */ = {isa = PBXFileReference; lastKnownFileType = sourcecode.swift; path = SoundManager.swift; sourceTree = "<group>"; };
		6365BD932A36AD460049C64F /* BackgroundMusic2.mp3 */ = {isa = PBXFileReference; lastKnownFileType = audio.mp3; path = BackgroundMusic2.mp3; sourceTree = "<group>"; };
		6365BD942A36AD470049C64F /* BackgroundMusic1.mp3 */ = {isa = PBXFileReference; lastKnownFileType = audio.mp3; path = BackgroundMusic1.mp3; sourceTree = "<group>"; };
		6365BD972A36BFFC0049C64F /* BackgroundMusic5.mp3 */ = {isa = PBXFileReference; lastKnownFileType = audio.mp3; path = BackgroundMusic5.mp3; sourceTree = "<group>"; };
		6365BD982A36BFFD0049C64F /* BackgroundMusic3.mp3 */ = {isa = PBXFileReference; lastKnownFileType = audio.mp3; path = BackgroundMusic3.mp3; sourceTree = "<group>"; };
		6365BD992A36BFFE0049C64F /* BackgroundMusic4.mp3 */ = {isa = PBXFileReference; lastKnownFileType = audio.mp3; path = BackgroundMusic4.mp3; sourceTree = "<group>"; };
		6365BD9A2A36BFFF0049C64F /* BackgroundMusic7.mp3 */ = {isa = PBXFileReference; lastKnownFileType = audio.mp3; path = BackgroundMusic7.mp3; sourceTree = "<group>"; };
		6365BD9B2A36C0010049C64F /* BackgroundMusic6.mp3 */ = {isa = PBXFileReference; lastKnownFileType = audio.mp3; path = BackgroundMusic6.mp3; sourceTree = "<group>"; };
		6365BDA12A36C0120049C64F /* BackgroundMusic10.mp3 */ = {isa = PBXFileReference; lastKnownFileType = audio.mp3; path = BackgroundMusic10.mp3; sourceTree = "<group>"; };
		6365BDA22A36C0140049C64F /* BackgroundMusic8.mp3 */ = {isa = PBXFileReference; lastKnownFileType = audio.mp3; path = BackgroundMusic8.mp3; sourceTree = "<group>"; };
		6365BDA32A36C0160049C64F /* BackgroundMusic9.mp3 */ = {isa = PBXFileReference; lastKnownFileType = audio.mp3; path = BackgroundMusic9.mp3; sourceTree = "<group>"; };
		63B2AAAC29C7A73400B58549 /* SceneDelegate.swift */ = {isa = PBXFileReference; lastKnownFileType = sourcecode.swift; path = SceneDelegate.swift; sourceTree = "<group>"; };
		63EF8BDA29C7046900E67856 /* Info.plist */ = {isa = PBXFileReference; lastKnownFileType = text.plist.xml; path = Info.plist; sourceTree = "<group>"; };
/* End PBXFileReference section */

/* Begin PBXFrameworksBuildPhase section */
		585BFDCF2EB9094400E63FE9 /* Frameworks */ = {
			isa = PBXFrameworksBuildPhase;
			buildActionMask = 2147483647;
			files = (
			);
			runOnlyForDeploymentPostprocessing = 0;
		};
		636008A229C60C2C00B83E75 /* Frameworks */ = {
			isa = PBXFrameworksBuildPhase;
			buildActionMask = 2147483647;
			files = (
				58EDAFDB2DE00E3400ABCC03 /* AsyncAlgorithms in Frameworks */,
				58EDAFDD2DE00EDE00ABCC03 /* AsyncAlgorithms in Frameworks */,
				58FB10CF2DE00FA700B400A9 /* AsyncAlgorithms in Frameworks */,
			);
			runOnlyForDeploymentPostprocessing = 0;
		};
/* End PBXFrameworksBuildPhase section */

/* Begin PBXGroup section */
		585BFDE92EB90E7B00E63FE9 /* Froggy HopperTests */ = {
			isa = PBXGroup;
			children = (
				585BFDEC2EB9165300E63FE9 /* GameViewControllerTests.swift */,
				585BFDEA2EB9164600E63FE9 /* WelcomeSceneTests.swift */,
				585BFDE22EB90E2D00E63FE9 /* Froggy_HopperTests.swift */,
				585BFDE32EB90E2D00E63FE9 /* GameSceneTests.swift */,
				585BFDE42EB90E2D00E63FE9 /* SoundManagerTests.swift */,
			);
			path = "Froggy HopperTests";
			sourceTree = "<group>";
		};
		6360089C29C60C2B00B83E75 = {
			isa = PBXGroup;
			children = (
				636008A729C60C2C00B83E75 /* Froggy Hopper */,
				636008A629C60C2C00B83E75 /* Products */,
				585BFDE82EB90E3C00E63FE9 /* Froggy HopperTests-Bridging-Header.h */,
			);
			sourceTree = "<group>";
		};
		636008A629C60C2C00B83E75 /* Products */ = {
			isa = PBXGroup;
			children = (
				636008A529C60C2C00B83E75 /* Froggy Hopper.app */,
				585BFDD22EB9094400E63FE9 /* Froggy HopperTests.xctest */,
			);
			name = Products;
			sourceTree = "<group>";
		};
		636008A729C60C2C00B83E75 /* Froggy Hopper */ = {
			isa = PBXGroup;
			children = (
				58FD28972EE0A95A00637AA9 /* Froggy Hopper.entitlements */,
				636008AA29C60C2C00B83E75 /* GameScene.sks */,
				636008AC29C60C2C00B83E75 /* Actions.sks */,
				636008A829C60C2C00B83E75 /* AppDelegate.swift */,
				63B2AAAC29C7A73400B58549 /* SceneDelegate.swift */,
				636008AE29C60C2C00B83E75 /* GameScene.swift */,
				588F50002D69B6B5006CA0F5 /* WelcomeScene.swift */,
				636008B029C60C2C00B83E75 /* GameViewController.swift */,
				6365BD912A36A2D00049C64F /* SoundManager.swift */,
				19C9DCB14CDB4150A454AA78 /* GameCenterManager.swift */,
				6365BD942A36AD470049C64F /* BackgroundMusic1.mp3 */,
				6365BD932A36AD460049C64F /* BackgroundMusic2.mp3 */,
				6365BD982A36BFFD0049C64F /* BackgroundMusic3.mp3 */,
				6365BD992A36BFFE0049C64F /* BackgroundMusic4.mp3 */,
				6365BD972A36BFFC0049C64F /* BackgroundMusic5.mp3 */,
				6365BD9B2A36C0010049C64F /* BackgroundMusic6.mp3 */,
				6365BD9A2A36BFFF0049C64F /* BackgroundMusic7.mp3 */,
				6365BDA22A36C0140049C64F /* BackgroundMusic8.mp3 */,
				6365BDA32A36C0160049C64F /* BackgroundMusic9.mp3 */,
				6365BDA12A36C0120049C64F /* BackgroundMusic10.mp3 */,
				588F4FFE2D69A39F006CA0F5 /* eat_sound.mp3 */,
				636008B229C60C2C00B83E75 /* Main.storyboard */,
				636008B729C60C3000B83E75 /* LaunchScreen.storyboard */,
				636008B529C60C3000B83E75 /* Assets.xcassets */,
				63EF8BDA29C7046900E67856 /* Info.plist */,
				585BFDE92EB90E7B00E63FE9 /* Froggy HopperTests */,
			);
			path = "Froggy Hopper";
			sourceTree = "<group>";
		};
/* End PBXGroup section */

/* Begin PBXNativeTarget section */
		585BFDD12EB9094400E63FE9 /* Froggy HopperTests */ = {
			isa = PBXNativeTarget;
			buildConfigurationList = 585BFDDA2EB9094400E63FE9 /* Build configuration list for PBXNativeTarget "Froggy HopperTests" */;
			buildPhases = (
				585BFDCE2EB9094400E63FE9 /* Sources */,
				585BFDCF2EB9094400E63FE9 /* Frameworks */,
				585BFDD02EB9094400E63FE9 /* Resources */,
			);
			buildRules = (
			);
			dependencies = (
				585BFDD72EB9094400E63FE9 /* PBXTargetDependency */,
			);
			name = "Froggy HopperTests";
			packageProductDependencies = (
			);
			productName = "Froggy HopperTests";
			productReference = 585BFDD22EB9094400E63FE9 /* Froggy HopperTests.xctest */;
			productType = "com.apple.product-type.bundle.unit-test";
		};
		636008A429C60C2C00B83E75 /* Froggy Hopper */ = {
			isa = PBXNativeTarget;
			buildConfigurationList = 636008BC29C60C3000B83E75 /* Build configuration list for PBXNativeTarget "Froggy Hopper" */;
			buildPhases = (
				636008A129C60C2C00B83E75 /* Sources */,
				636008A229C60C2C00B83E75 /* Frameworks */,
				636008A329C60C2C00B83E75 /* Resources */,
			);
			buildRules = (
			);
			dependencies = (
			);
			name = "Froggy Hopper";
			productName = "Froggy Hopper";
			productReference = 636008A529C60C2C00B83E75 /* Froggy Hopper.app */;
			productType = "com.apple.product-type.application";
		};
/* End PBXNativeTarget section */

/* Begin PBXProject section */
		6360089D29C60C2B00B83E75 /* Project object */ = {
			isa = PBXProject;
			attributes = {
				BuildIndependentTargetsInParallel = 1;
				LastSwiftUpdateCheck = 2600;
				LastUpgradeCheck = 2600;
				TargetAttributes = {
					585BFDD12EB9094400E63FE9 = {
						CreatedOnToolsVersion = 26.0.1;
						LastSwiftMigration = 2600;
						TestTargetID = 636008A429C60C2C00B83E75;
					};
					636008A429C60C2C00B83E75 = {
						CreatedOnToolsVersion = 14.2;
					};
				};
			};
			buildConfigurationList = 636008A029C60C2B00B83E75 /* Build configuration list for PBXProject "Froggy Hopper" */;
			compatibilityVersion = "Xcode 14.0";
			developmentRegion = en;
			hasScannedForEncodings = 0;
			knownRegions = (
				en,
				Base,
			);
			mainGroup = 6360089C29C60C2B00B83E75;
			packageReferences = (
				58EDAFD92DE00E3400ABCC03 /* XCRemoteSwiftPackageReference "swift-async-algorithms" */,
			);
			productRefGroup = 636008A629C60C2C00B83E75 /* Products */;
			projectDirPath = "";
			projectRoot = "";
			targets = (
				636008A429C60C2C00B83E75 /* Froggy Hopper */,
				585BFDD12EB9094400E63FE9 /* Froggy HopperTests */,
			);
		};
/* End PBXProject section */

/* Begin PBXResourcesBuildPhase section */
		585BFDD02EB9094400E63FE9 /* Resources */ = {
			isa = PBXResourcesBuildPhase;
			buildActionMask = 2147483647;
			files = (
			);
			runOnlyForDeploymentPostprocessing = 0;
		};
		636008A329C60C2C00B83E75 /* Resources */ = {
			isa = PBXResourcesBuildPhase;
			buildActionMask = 2147483647;
			files = (
				6365BD9C2A36C0010049C64F /* BackgroundMusic5.mp3 in Resources */,
				6365BDA52A36C0160049C64F /* BackgroundMusic8.mp3 in Resources */,
				6365BDA02A36C0010049C64F /* BackgroundMusic6.mp3 in Resources */,
				636008B429C60C2C00B83E75 /* Main.storyboard in Resources */,
				6365BD962A36AD470049C64F /* BackgroundMusic1.mp3 in Resources */,
				6365BD9E2A36C0010049C64F /* BackgroundMusic4.mp3 in Resources */,
				6365BD952A36AD470049C64F /* BackgroundMusic2.mp3 in Resources */,
				636008AB29C60C2C00B83E75 /* GameScene.sks in Resources */,
				6365BDA42A36C0160049C64F /* BackgroundMusic10.mp3 in Resources */,
				636008B629C60C3000B83E75 /* Assets.xcassets in Resources */,
				6365BD9F2A36C0010049C64F /* BackgroundMusic7.mp3 in Resources */,
				636008B929C60C3000B83E75 /* LaunchScreen.storyboard in Resources */,
				6365BD9D2A36C0010049C64F /* BackgroundMusic3.mp3 in Resources */,
				588F4FFF2D69A39F006CA0F5 /* eat_sound.mp3 in Resources */,
				6365BDA62A36C0160049C64F /* BackgroundMusic9.mp3 in Resources */,
				636008AD29C60C2C00B83E75 /* Actions.sks in Resources */,
			);
			runOnlyForDeploymentPostprocessing = 0;
		};
/* End PBXResourcesBuildPhase section */

/* Begin PBXSourcesBuildPhase section */
		585BFDCE2EB9094400E63FE9 /* Sources */ = {
			isa = PBXSourcesBuildPhase;
			buildActionMask = 2147483647;
			files = (
				585BFDE52EB90E2D00E63FE9 /* Froggy_HopperTests.swift in Sources */,
				585BFDED2EB9165300E63FE9 /* GameViewControllerTests.swift in Sources */,
				585BFDE62EB90E2D00E63FE9 /* GameSceneTests.swift in Sources */,
				585BFDE72EB90E2D00E63FE9 /* SoundManagerTests.swift in Sources */,
				585BFDEB2EB9164600E63FE9 /* WelcomeSceneTests.swift in Sources */,
			);
			runOnlyForDeploymentPostprocessing = 0;
		};
		636008A129C60C2C00B83E75 /* Sources */ = {
			isa = PBXSourcesBuildPhase;
			buildActionMask = 2147483647;
			files = (
				636008AF29C60C2C00B83E75 /* GameScene.swift in Sources */,
				636008B129C60C2C00B83E75 /* GameViewController.swift in Sources */,
				636008A929C60C2C00B83E75 /* AppDelegate.swift in Sources */,
				588F50012D69B6B5006CA0F5 /* WelcomeScene.swift in Sources */,
				63B2AAAD29C7A73400B58549 /* SceneDelegate.swift in Sources */,
				25D750250988464FB74767EA /* GameCenterManager.swift in Sources */,
				6365BD922A36A2D00049C64F /* SoundManager.swift in Sources */,
			);
			runOnlyForDeploymentPostprocessing = 0;
		};
/* End PBXSourcesBuildPhase section */

/* Begin PBXTargetDependency section */
		585BFDD72EB9094400E63FE9 /* PBXTargetDependency */ = {
			isa = PBXTargetDependency;
			target = 636008A429C60C2C00B83E75 /* Froggy Hopper */;
			targetProxy = 585BFDD62EB9094400E63FE9 /* PBXContainerItemProxy */;
		};
/* End PBXTargetDependency section */

/* Begin PBXVariantGroup section */
		636008B229C60C2C00B83E75 /* Main.storyboard */ = {
			isa = PBXVariantGroup;
			children = (
				636008B329C60C2C00B83E75 /* Base */,
			);
			name = Main.storyboard;
			sourceTree = "<group>";
		};
		636008B729C60C3000B83E75 /* LaunchScreen.storyboard */ = {
			isa = PBXVariantGroup;
			children = (
				636008B829C60C3000B83E75 /* Base */,
			);
			name = LaunchScreen.storyboard;
			sourceTree = "<group>";
		};
/* End PBXVariantGroup section */

/* Begin XCBuildConfiguration section */
		585BFDD82EB9094400E63FE9 /* Debug */ = {
			isa = XCBuildConfiguration;
			buildSettings = {
				BUNDLE_LOADER = "$(TEST_HOST)";
				CLANG_ENABLE_MODULES = YES;
				CODE_SIGN_STYLE = Automatic;
				CURRENT_PROJECT_VERSION = 1;
				DEVELOPMENT_TEAM = Y7WJM63ZTR;
				GCC_C_LANGUAGE_STANDARD = gnu17;
				GENERATE_INFOPLIST_FILE = YES;
				IPHONEOS_DEPLOYMENT_TARGET = 18.6;
				LOCALIZATION_PREFERS_STRING_CATALOGS = YES;
				MARKETING_VERSION = 1.0;
				PRODUCT_BUNDLE_IDENTIFIER = "SPSHLWRXLLC.Froggy-HopperTests";
				PRODUCT_NAME = "$(TARGET_NAME)";
				STRING_CATALOG_GENERATE_SYMBOLS = NO;
				SWIFT_ACTIVE_COMPILATION_CONDITIONS = "DEBUG $(inherited)";
				SWIFT_APPROACHABLE_CONCURRENCY = YES;
				SWIFT_EMIT_LOC_STRINGS = NO;
				SWIFT_OBJC_BRIDGING_HEADER = "Froggy HopperTests-Bridging-Header.h";
				SWIFT_OPTIMIZATION_LEVEL = "-Onone";
				SWIFT_UPCOMING_FEATURE_MEMBER_IMPORT_VISIBILITY = YES;
				SWIFT_VERSION = 5.0;
				TARGETED_DEVICE_FAMILY = "1,2";
				TEST_HOST = "$(BUILT_PRODUCTS_DIR)/Froggy Hopper.app/$(BUNDLE_EXECUTABLE_FOLDER_PATH)/Froggy Hopper";
			};
			name = Debug;
		};
		585BFDD92EB9094400E63FE9 /* Release */ = {
			isa = XCBuildConfiguration;
			buildSettings = {
				BUNDLE_LOADER = "$(TEST_HOST)";
				CLANG_ENABLE_MODULES = YES;
				CODE_SIGN_STYLE = Automatic;
				CURRENT_PROJECT_VERSION = 1;
				DEVELOPMENT_TEAM = Y7WJM63ZTR;
				GCC_C_LANGUAGE_STANDARD = gnu17;
				GENERATE_INFOPLIST_FILE = YES;
				IPHONEOS_DEPLOYMENT_TARGET = 18.6;
				LOCALIZATION_PREFERS_STRING_CATALOGS = YES;
				MARKETING_VERSION = 1.0;
				PRODUCT_BUNDLE_IDENTIFIER = "SPSHLWRXLLC.Froggy-HopperTests";
				PRODUCT_NAME = "$(TARGET_NAME)";
				STRING_CATALOG_GENERATE_SYMBOLS = NO;
				SWIFT_APPROACHABLE_CONCURRENCY = YES;
				SWIFT_EMIT_LOC_STRINGS = NO;
				SWIFT_OBJC_BRIDGING_HEADER = "Froggy HopperTests-Bridging-Header.h";
				SWIFT_UPCOMING_FEATURE_MEMBER_IMPORT_VISIBILITY = YES;
				SWIFT_VERSION = 5.0;
				TARGETED_DEVICE_FAMILY = "1,2";
				TEST_HOST = "$(BUILT_PRODUCTS_DIR)/Froggy Hopper.app/$(BUNDLE_EXECUTABLE_FOLDER_PATH)/Froggy Hopper";
			};
			name = Release;
		};
		636008BA29C60C3000B83E75 /* Debug */ = {
			isa = XCBuildConfiguration;
			buildSettings = {
				ALWAYS_SEARCH_USER_PATHS = NO;
				ASSETCATALOG_COMPILER_GENERATE_SWIFT_ASSET_SYMBOL_EXTENSIONS = YES;
				CLANG_ANALYZER_NONNULL = YES;
				CLANG_ANALYZER_NUMBER_OBJECT_CONVERSION = YES_AGGRESSIVE;
				CLANG_CXX_LANGUAGE_STANDARD = "gnu++20";
				CLANG_ENABLE_MODULES = YES;
				CLANG_ENABLE_OBJC_ARC = YES;
				CLANG_ENABLE_OBJC_WEAK = YES;
				CLANG_WARN_BLOCK_CAPTURE_AUTORELEASING = YES;
				CLANG_WARN_BOOL_CONVERSION = YES;
				CLANG_WARN_COMMA = YES;
				CLANG_WARN_CONSTANT_CONVERSION = YES;
				CLANG_WARN_DEPRECATED_OBJC_IMPLEMENTATIONS = YES;
				CLANG_WARN_DIRECT_OBJC_ISA_USAGE = YES_ERROR;
				CLANG_WARN_DOCUMENTATION_COMMENTS = YES;
				CLANG_WARN_EMPTY_BODY = YES;
				CLANG_WARN_ENUM_CONVERSION = YES;
				CLANG_WARN_INFINITE_RECURSION = YES;
				CLANG_WARN_INT_CONVERSION = YES;
				CLANG_WARN_NON_LITERAL_NULL_CONVERSION = YES;
				CLANG_WARN_OBJC_IMPLICIT_RETAIN_SELF = YES;
				CLANG_WARN_OBJC_LITERAL_CONVERSION = YES;
				CLANG_WARN_OBJC_ROOT_CLASS = YES_ERROR;
				CLANG_WARN_QUOTED_INCLUDE_IN_FRAMEWORK_HEADER = YES;
				CLANG_WARN_RANGE_LOOP_ANALYSIS = YES;
				CLANG_WARN_STRICT_PROTOTYPES = YES;
				CLANG_WARN_SUSPICIOUS_MOVE = YES;
				CLANG_WARN_UNGUARDED_AVAILABILITY = YES_AGGRESSIVE;
				CLANG_WARN_UNREACHABLE_CODE = YES;
				CLANG_WARN__DUPLICATE_METHOD_MATCH = YES;
				COPY_PHASE_STRIP = NO;
				DEBUG_INFORMATION_FORMAT = dwarf;
				DEVELOPMENT_TEAM = Y7WJM63ZTR;
				ENABLE_STRICT_OBJC_MSGSEND = YES;
				ENABLE_TESTABILITY = YES;
				ENABLE_USER_SCRIPT_SANDBOXING = YES;
				GCC_C_LANGUAGE_STANDARD = gnu11;
				GCC_DYNAMIC_NO_PIC = NO;
				GCC_NO_COMMON_BLOCKS = YES;
				GCC_OPTIMIZATION_LEVEL = 0;
				GCC_PREPROCESSOR_DEFINITIONS = (
					"DEBUG=1",
					"$(inherited)",
				);
				GCC_WARN_64_TO_32_BIT_CONVERSION = YES;
				GCC_WARN_ABOUT_RETURN_TYPE = YES_ERROR;
				GCC_WARN_UNDECLARED_SELECTOR = YES;
				GCC_WARN_UNINITIALIZED_AUTOS = YES_AGGRESSIVE;
				GCC_WARN_UNUSED_FUNCTION = YES;
				GCC_WARN_UNUSED_VARIABLE = YES;
				INFOPLIST_FILE = "Froggy Hopper/Info.plist";
				IPHONEOS_DEPLOYMENT_TARGET = 16.0;
				MTL_ENABLE_DEBUG_INFO = INCLUDE_SOURCE;
				MTL_FAST_MATH = YES;
				ONLY_ACTIVE_ARCH = YES;
				SDKROOT = iphoneos;
				STRING_CATALOG_GENERATE_SYMBOLS = YES;
				SWIFT_ACTIVE_COMPILATION_CONDITIONS = DEBUG;
				SWIFT_OPTIMIZATION_LEVEL = "-Onone";
			};
			name = Debug;
		};
		636008BB29C60C3000B83E75 /* Release */ = {
			isa = XCBuildConfiguration;
			buildSettings = {
				ALWAYS_SEARCH_USER_PATHS = NO;
				ASSETCATALOG_COMPILER_GENERATE_SWIFT_ASSET_SYMBOL_EXTENSIONS = YES;
				CLANG_ANALYZER_NONNULL = YES;
				CLANG_ANALYZER_NUMBER_OBJECT_CONVERSION = YES_AGGRESSIVE;
				CLANG_CXX_LANGUAGE_STANDARD = "gnu++20";
				CLANG_ENABLE_MODULES = YES;
				CLANG_ENABLE_OBJC_ARC = YES;
				CLANG_ENABLE_OBJC_WEAK = YES;
				CLANG_WARN_BLOCK_CAPTURE_AUTORELEASING = YES;
				CLANG_WARN_BOOL_CONVERSION = YES;
				CLANG_WARN_COMMA = YES;
				CLANG_WARN_CONSTANT_CONVERSION = YES;
				CLANG_WARN_DEPRECATED_OBJC_IMPLEMENTATIONS = YES;
				CLANG_WARN_DIRECT_OBJC_ISA_USAGE = YES_ERROR;
				CLANG_WARN_DOCUMENTATION_COMMENTS = YES;
				CLANG_WARN_EMPTY_BODY = YES;
				CLANG_WARN_ENUM_CONVERSION = YES;
				CLANG_WARN_INFINITE_RECURSION = YES;
				CLANG_WARN_INT_CONVERSION = YES;
				CLANG_WARN_NON_LITERAL_NULL_CONVERSION = YES;
				CLANG_WARN_OBJC_IMPLICIT_RETAIN_SELF = YES;
				CLANG_WARN_OBJC_LITERAL_CONVERSION = YES;
				CLANG_WARN_OBJC_ROOT_CLASS = YES_ERROR;
				CLANG_WARN_QUOTED_INCLUDE_IN_FRAMEWORK_HEADER = YES;
				CLANG_WARN_RANGE_LOOP_ANALYSIS = YES;
				CLANG_WARN_STRICT_PROTOTYPES = YES;
				CLANG_WARN_SUSPICIOUS_MOVE = YES;
				CLANG_WARN_UNGUARDED_AVAILABILITY = YES_AGGRESSIVE;
				CLANG_WARN_UNREACHABLE_CODE = YES;
				CLANG_WARN__DUPLICATE_METHOD_MATCH = YES;
				COPY_PHASE_STRIP = NO;
				DEBUG_INFORMATION_FORMAT = "dwarf-with-dsym";
				DEVELOPMENT_TEAM = Y7WJM63ZTR;
				ENABLE_NS_ASSERTIONS = NO;
				ENABLE_STRICT_OBJC_MSGSEND = YES;
				ENABLE_USER_SCRIPT_SANDBOXING = YES;
				GCC_C_LANGUAGE_STANDARD = gnu11;
				GCC_NO_COMMON_BLOCKS = YES;
				GCC_WARN_64_TO_32_BIT_CONVERSION = YES;
				GCC_WARN_ABOUT_RETURN_TYPE = YES_ERROR;
				GCC_WARN_UNDECLARED_SELECTOR = YES;
				GCC_WARN_UNINITIALIZED_AUTOS = YES_AGGRESSIVE;
				GCC_WARN_UNUSED_FUNCTION = YES;
				GCC_WARN_UNUSED_VARIABLE = YES;
				INFOPLIST_FILE = "Froggy Hopper/Info.plist";
				IPHONEOS_DEPLOYMENT_TARGET = 16.0;
				MTL_ENABLE_DEBUG_INFO = NO;
				MTL_FAST_MATH = YES;
				SDKROOT = iphoneos;
				STRING_CATALOG_GENERATE_SYMBOLS = YES;
				SWIFT_COMPILATION_MODE = wholemodule;
				SWIFT_OPTIMIZATION_LEVEL = "-O";
				VALIDATE_PRODUCT = YES;
			};
			name = Release;
		};
		636008BD29C60C3000B83E75 /* Debug */ = {
			isa = XCBuildConfiguration;
			buildSettings = {
				ASSETCATALOG_COMPILER_APPICON_NAME = AppIcon;
				ASSETCATALOG_COMPILER_GLOBAL_ACCENT_COLOR_NAME = AccentColor;
				ASSETCATALOG_COMPILER_INCLUDE_ALL_APPICON_ASSETS = YES;
				CODE_SIGN_ENTITLEMENTS = "Froggy Hopper/Froggy Hopper.entitlements";
				CODE_SIGN_IDENTITY = "Apple Development";
				CODE_SIGN_STYLE = Automatic;
				CURRENT_PROJECT_VERSION = 1;
				GENERATE_INFOPLIST_FILE = YES;
				INFOPLIST_FILE = "Froggy Hopper/Info.plist";
				INFOPLIST_KEY_CFBundleDisplayName = "Froggy Feed!";
				INFOPLIST_KEY_LSApplicationCategoryType = "public.app-category.games";
				INFOPLIST_KEY_UIApplicationSupportsIndirectInputEvents = YES;
				INFOPLIST_KEY_UILaunchStoryboardName = Main.storyboard;
				INFOPLIST_KEY_UIMainStoryboardFile = Main;
				INFOPLIST_KEY_UIRequiredDeviceCapabilities = armv7;
				INFOPLIST_KEY_UIRequiresFullScreen = YES;
				INFOPLIST_KEY_UIStatusBarHidden = YES;
				INFOPLIST_KEY_UIStatusBarStyle = "";
				INFOPLIST_KEY_UISupportedInterfaceOrientations = UIInterfaceOrientationPortrait;
				INFOPLIST_KEY_UISupportedInterfaceOrientations_iPad = "UIInterfaceOrientationPortrait UIInterfaceOrientationPortraitUpsideDown UIInterfaceOrientationLandscapeLeft UIInterfaceOrientationLandscapeRight";
				IPHONEOS_DEPLOYMENT_TARGET = 16.0;
				LD_RUNPATH_SEARCH_PATHS = (
					"$(inherited)",
					"@executable_path/Frameworks",
				);
				MARKETING_VERSION = 1.1.1;
				PRODUCT_BUNDLE_IDENTIFIER = "SHPSHL-WRX.iFrog";
				PRODUCT_NAME = "$(TARGET_NAME)";
				PROVISIONING_PROFILE_SPECIFIER = "";
				SUPPORTED_PLATFORMS = "iphoneos iphonesimulator";
				SUPPORTS_MACCATALYST = NO;
				SUPPORTS_MAC_DESIGNED_FOR_IPHONE_IPAD = YES;
				SWIFT_EMIT_LOC_STRINGS = YES;
				SWIFT_VERSION = 5.0;
				TARGETED_DEVICE_FAMILY = 1;
			};
			name = Debug;
		};
		636008BE29C60C3000B83E75 /* Release */ = {
			isa = XCBuildConfiguration;
			buildSettings = {
				ASSETCATALOG_COMPILER_APPICON_NAME = AppIcon;
				ASSETCATALOG_COMPILER_GLOBAL_ACCENT_COLOR_NAME = AccentColor;
				ASSETCATALOG_COMPILER_INCLUDE_ALL_APPICON_ASSETS = YES;
				CODE_SIGN_ENTITLEMENTS = "Froggy Hopper/Froggy Hopper.entitlements";
				CODE_SIGN_IDENTITY = "Apple Development";
				CODE_SIGN_STYLE = Automatic;
				CURRENT_PROJECT_VERSION = 1;
				GENERATE_INFOPLIST_FILE = YES;
				INFOPLIST_FILE = "Froggy Hopper/Info.plist";
				INFOPLIST_KEY_CFBundleDisplayName = "Froggy Feed!";
				INFOPLIST_KEY_LSApplicationCategoryType = "public.app-category.games";
				INFOPLIST_KEY_UIApplicationSupportsIndirectInputEvents = YES;
				INFOPLIST_KEY_UILaunchStoryboardName = Main.storyboard;
				INFOPLIST_KEY_UIMainStoryboardFile = Main;
				INFOPLIST_KEY_UIRequiredDeviceCapabilities = armv7;
				INFOPLIST_KEY_UIRequiresFullScreen = YES;
				INFOPLIST_KEY_UIStatusBarHidden = YES;
				INFOPLIST_KEY_UIStatusBarStyle = "";
				INFOPLIST_KEY_UISupportedInterfaceOrientations = UIInterfaceOrientationPortrait;
				INFOPLIST_KEY_UISupportedInterfaceOrientations_iPad = "UIInterfaceOrientationPortrait UIInterfaceOrientationPortraitUpsideDown UIInterfaceOrientationLandscapeLeft UIInterfaceOrientationLandscapeRight";
				IPHONEOS_DEPLOYMENT_TARGET = 16.0;
				LD_RUNPATH_SEARCH_PATHS = (
					"$(inherited)",
					"@executable_path/Frameworks",
				);
				MARKETING_VERSION = 1.1.1;
				PRODUCT_BUNDLE_IDENTIFIER = "SHPSHL-WRX.iFrog";
				PRODUCT_NAME = "$(TARGET_NAME)";
				PROVISIONING_PROFILE_SPECIFIER = "";
				SUPPORTED_PLATFORMS = "iphoneos iphonesimulator";
				SUPPORTS_MACCATALYST = NO;
				SUPPORTS_MAC_DESIGNED_FOR_IPHONE_IPAD = YES;
				SWIFT_EMIT_LOC_STRINGS = YES;
				SWIFT_VERSION = 5.0;
				TARGETED_DEVICE_FAMILY = 1;
			};
			name = Release;
		};
/* End XCBuildConfiguration section */

/* Begin XCConfigurationList section */
		585BFDDA2EB9094400E63FE9 /* Build configuration list for PBXNativeTarget "Froggy HopperTests" */ = {
			isa = XCConfigurationList;
			buildConfigurations = (
				585BFDD82EB9094400E63FE9 /* Debug */,
				585BFDD92EB9094400E63FE9 /* Release */,
			);
			defaultConfigurationIsVisible = 0;
			defaultConfigurationName = Release;
		};
		636008A029C60C2B00B83E75 /* Build configuration list for PBXProject "Froggy Hopper" */ = {
			isa = XCConfigurationList;
			buildConfigurations = (
				636008BA29C60C3000B83E75 /* Debug */,
				636008BB29C60C3000B83E75 /* Release */,
			);
			defaultConfigurationIsVisible = 0;
			defaultConfigurationName = Release;
		};
		636008BC29C60C3000B83E75 /* Build configuration list for PBXNativeTarget "Froggy Hopper" */ = {
			isa = XCConfigurationList;
			buildConfigurations = (
				636008BD29C60C3000B83E75 /* Debug */,
				636008BE29C60C3000B83E75 /* Release */,
			);
			defaultConfigurationIsVisible = 0;
			defaultConfigurationName = Release;
		};
/* End XCConfigurationList section */

/* Begin XCRemoteSwiftPackageReference section */
		58EDAFD92DE00E3400ABCC03 /* XCRemoteSwiftPackageReference "swift-async-algorithms" */ = {
			isa = XCRemoteSwiftPackageReference;
			repositoryURL = "https://github.com/apple/swift-async-algorithms.git";
			requirement = {
				kind = upToNextMajorVersion;
				minimumVersion = 1.0.4;
			};
		};
/* End XCRemoteSwiftPackageReference section */

/* Begin XCSwiftPackageProductDependency section */
		58EDAFDA2DE00E3400ABCC03 /* AsyncAlgorithms */ = {
			isa = XCSwiftPackageProductDependency;
			package = 58EDAFD92DE00E3400ABCC03 /* XCRemoteSwiftPackageReference "swift-async-algorithms" */;
			productName = AsyncAlgorithms;
		};
		58EDAFDC2DE00EDE00ABCC03 /* AsyncAlgorithms */ = {
			isa = XCSwiftPackageProductDependency;
			package = 58EDAFD92DE00E3400ABCC03 /* XCRemoteSwiftPackageReference "swift-async-algorithms" */;
			productName = AsyncAlgorithms;
		};
		58FB10CE2DE00FA700B400A9 /* AsyncAlgorithms */ = {
			isa = XCSwiftPackageProductDependency;
			package = 58EDAFD92DE00E3400ABCC03 /* XCRemoteSwiftPackageReference "swift-async-algorithms" */;
			productName = AsyncAlgorithms;
		};
/* End XCSwiftPackageProductDependency section */
	};
	rootObject = 6360089D29C60C2B00B83E75 /* Project object */;
}
